
Microsoft Visual Studio Solution File, Format Version 12.00
# Visual Studio Version 17
VisualStudioVersion = 17.5.002.0
MinimumVisualStudioVersion = 10.0.40219.1
Project("{9A19103F-16F7-4668-BE54-9A1E7A4F7556}") = "tim_so_lon_nhat_mang_hai_chieu", "tim_so_lon_nhat_mang_hai_chieu.csproj", "{AD7979D2-489A-49E5-9B61-C36657416EA7}"
EndProject
Global
	GlobalSection(SolutionConfigurationPlatforms) = preSolution
		Debug|Any CPU = Debug|Any CPU
		Release|Any CPU = Release|Any CPU
	EndGlobalSection
	GlobalSection(ProjectConfigurationPlatforms) = postSolution
		{AD7979D2-489A-49E5-9B61-C36657416EA7}.Debug|Any CPU.ActiveCfg = Debug|Any CPU
		{AD7979D2-489A-49E5-9B61-C36657416EA7}.Debug|Any CPU.Build.0 = Debug|Any CPU
		{AD7979D2-489A-49E5-9B61-C36657416EA7}.Release|Any CPU.ActiveCfg = Release|Any CPU
		{AD7979D2-489A-49E5-9B61-C36657416EA7}.Release|Any CPU.Build.0 = Release|Any CPU
	EndGlobalSection
	GlobalSection(SolutionProperties) = preSolution
		HideSolutionNode = FALSE
	EndGlobalSection
	GlobalSection(ExtensibilityGlobals) = postSolution
		SolutionGuid = {2585486B-2E96-4A89-BF02-FCC989816768}
	EndGlobalSection
EndGlobal
